
Microsoft Visual Studio Solution File, Format Version 12.00
# Visual Studio Version 16
VisualStudioVersion = 16.0.29102.190
MinimumVisualStudioVersion = 10.0.40219.1
Project("{FAE04EC0-301F-11D3-BF4B-00C04F79EFBC}") = "LoginAPI", "LoginAPI.csproj", "{2BC0E8A1-7102-407A-B557-041BA85596A8}"
EndProject
Global
	GlobalSection(SolutionConfigurationPlatforms) = preSolution
		Debug|Any CPU = Debug|Any CPU
		Release|Any CPU = Release|Any CPU
	EndGlobalSection
	GlobalSection(ProjectConfigurationPlatforms) = postSolution
		{2BC0E8A1-7102-407A-B557-041BA85596A8}.Debug|Any CPU.ActiveCfg = Debug|Any CPU
		{2BC0E8A1-7102-407A-B557-041BA85596A8}.Debug|Any CPU.Build.0 = Debug|Any CPU
		{2BC0E8A1-7102-407A-B557-041BA85596A8}.Release|Any CPU.ActiveCfg = Release|Any CPU
		{2BC0E8A1-7102-407A-B557-041BA85596A8}.Release|Any CPU.Build.0 = Release|Any CPU
	EndGlobalSection
	GlobalSection(SolutionProperties) = preSolution
		HideSolutionNode = FALSE
	EndGlobalSection
	GlobalSection(ExtensibilityGlobals) = postSolution
		SolutionGuid = {5C3998BD-4388-4F11-9CB9-8A9F0129B0A3}
	EndGlobalSection
EndGlobal
